
Microsoft Visual Studio Solution File, Format Version 12.00
# Visual Studio 15
VisualStudioVersion = 15.0.28307.271
MinimumVisualStudioVersion = 10.0.40219.1
Project("{D954291E-2A0B-460D-934E-DC6B0785DB48}") = "UnoDemo.Shared", "UnoDemo\UnoDemo.Shared\UnoDemo.Shared.shproj", "{6279C845-92F8-4333-AB99-3D213163593C}"
EndProject
Project("{FAE04EC0-301F-11D3-BF4B-00C04F79EFBC}") = "UnoDemo.Droid", "UnoDemo\UnoDemo.Droid\UnoDemo.Droid.csproj", "{C3019D11-0E45-4AAD-B187-6F69CACFE0E8}"
EndProject
Project("{FAE04EC0-301F-11D3-BF4B-00C04F79EFBC}") = "UnoDemo.iOS", "UnoDemo\UnoDemo.iOS\UnoDemo.iOS.csproj", "{FA446B80-2667-479D-B69D-D2CE225AA645}"
EndProject
Project("{FAE04EC0-301F-11D3-BF4B-00C04F79EFBC}") = "UnoDemo.UWP", "UnoDemo\UnoDemo.UWP\UnoDemo.UWP.csproj", "{5999CE9C-CFE6-4157-B05E-54B7B60FF9E0}"
EndProject
Project("{9A19103F-16F7-4668-BE54-9A1E7A4F7556}") = "UnoDemo.Wasm", "UnoDemo\UnoDemo.Wasm\UnoDemo.Wasm.csproj", "{85906331-E385-4A85-B686-658425CD497F}"
EndProject
Global
	GlobalSection(SharedMSBuildProjectFiles) = preSolution
		UnoDemo\UnoDemo.Shared\UnoDemo.Shared.projitems*{5999ce9c-cfe6-4157-b05e-54b7b60ff9e0}*SharedItemsImports = 4
		UnoDemo\UnoDemo.Shared\UnoDemo.Shared.projitems*{6279c845-92f8-4333-ab99-3d213163593c}*SharedItemsImports = 13
		UnoDemo\UnoDemo.Shared\UnoDemo.Shared.projitems*{c3019d11-0e45-4aad-b187-6f69cacfe0e8}*SharedItemsImports = 4
		UnoDemo\UnoDemo.Shared\UnoDemo.Shared.projitems*{fa446b80-2667-479d-b69d-d2ce225aa645}*SharedItemsImports = 4
	EndGlobalSection
	GlobalSection(SolutionConfigurationPlatforms) = preSolution
		Ad-Hoc|Any CPU = Ad-Hoc|Any CPU
		Ad-Hoc|ARM = Ad-Hoc|ARM
		Ad-Hoc|iPhone = Ad-Hoc|iPhone
		Ad-Hoc|iPhoneSimulator = Ad-Hoc|iPhoneSimulator
		Ad-Hoc|x64 = Ad-Hoc|x64
		Ad-Hoc|x86 = Ad-Hoc|x86
		AppStore|Any CPU = AppStore|Any CPU
		AppStore|ARM = AppStore|ARM
		AppStore|iPhone = AppStore|iPhone
		AppStore|iPhoneSimulator = AppStore|iPhoneSimulator
		AppStore|x64 = AppStore|x64
		AppStore|x86 = AppStore|x86
		Debug|Any CPU = Debug|Any CPU
		Debug|ARM = Debug|ARM
		Debug|iPhone = Debug|iPhone
		Debug|iPhoneSimulator = Debug|iPhoneSimulator
		Debug|x64 = Debug|x64
		Debug|x86 = Debug|x86
		Release|Any CPU = Release|Any CPU
		Release|ARM = Release|ARM
		Release|iPhone = Release|iPhone
		Release|iPhoneSimulator = Release|iPhoneSimulator
		Release|x64 = Release|x64
		Release|x86 = Release|x86
	EndGlobalSection
	GlobalSection(ProjectConfigurationPlatforms) = postSolution
		{C3019D11-0E45-4AAD-B187-6F69CACFE0E8}.Ad-Hoc|Any CPU.ActiveCfg = Release|Any CPU
		{C3019D11-0E45-4AAD-B187-6F69CACFE0E8}.Ad-Hoc|Any CPU.Build.0 = Release|Any CPU
		{C3019D11-0E45-4AAD-B187-6F69CACFE0E8}.Ad-Hoc|Any CPU.Deploy.0 = Release|Any CPU
		{C3019D11-0E45-4AAD-B187-6F69CACFE0E8}.Ad-Hoc|ARM.ActiveCfg = Release|Any CPU
		{C3019D11-0E45-4AAD-B187-6F69CACFE0E8}.Ad-Hoc|ARM.Build.0 = Release|Any CPU
		{C3019D11-0E45-4AAD-B187-6F69CACFE0E8}.Ad-Hoc|ARM.Deploy.0 = Release|Any CPU
		{C3019D11-0E45-4AAD-B187-6F69CACFE0E8}.Ad-Hoc|iPhone.ActiveCfg = Release|Any CPU
		{C3019D11-0E45-4AAD-B187-6F69CACFE0E8}.Ad-Hoc|iPhone.Build.0 = Release|Any CPU
		{C3019D11-0E45-4AAD-B187-6F69CACFE0E8}.Ad-Hoc|iPhone.Deploy.0 = Release|Any CPU
		{C3019D11-0E45-4AAD-B187-6F69CACFE0E8}.Ad-Hoc|iPhoneSimulator.ActiveCfg = Release|Any CPU
		{C3019D11-0E45-4AAD-B187-6F69CACFE0E8}.Ad-Hoc|iPhoneSimulator.Build.0 = Release|Any CPU
		{C3019D11-0E45-4AAD-B187-6F69CACFE0E8}.Ad-Hoc|iPhoneSimulator.Deploy.0 = Release|Any CPU
		{C3019D11-0E45-4AAD-B187-6F69CACFE0E8}.Ad-Hoc|x64.ActiveCfg = Release|Any CPU
		{C3019D11-0E45-4AAD-B187-6F69CACFE0E8}.Ad-Hoc|x64.Build.0 = Release|Any CPU
		{C3019D11-0E45-4AAD-B187-6F69CACFE0E8}.Ad-Hoc|x64.Deploy.0 = Release|Any CPU
		{C3019D11-0E45-4AAD-B187-6F69CACFE0E8}.Ad-Hoc|x86.ActiveCfg = Release|Any CPU
		{C3019D11-0E45-4AAD-B187-6F69CACFE0E8}.Ad-Hoc|x86.Build.0 = Release|Any CPU
		{C3019D11-0E45-4AAD-B187-6F69CACFE0E8}.Ad-Hoc|x86.Deploy.0 = Release|Any CPU
		{C3019D11-0E45-4AAD-B187-6F69CACFE0E8}.AppStore|Any CPU.ActiveCfg = Release|Any CPU
		{C3019D11-0E45-4AAD-B187-6F69CACFE0E8}.AppStore|Any CPU.Build.0 = Release|Any CPU
		{C3019D11-0E45-4AAD-B187-6F69CACFE0E8}.AppStore|Any CPU.Deploy.0 = Release|Any CPU
		{C3019D11-0E45-4AAD-B187-6F69CACFE0E8}.AppStore|ARM.ActiveCfg = Release|Any CPU
		{C3019D11-0E45-4AAD-B187-6F69CACFE0E8}.AppStore|ARM.Build.0 = Release|Any CPU
		{C3019D11-0E45-4AAD-B187-6F69CACFE0E8}.AppStore|ARM.Deploy.0 = Release|Any CPU
		{C3019D11-0E45-4AAD-B187-6F69CACFE0E8}.AppStore|iPhone.ActiveCfg = Release|Any CPU
		{C3019D11-0E45-4AAD-B187-6F69CACFE0E8}.AppStore|iPhone.Build.0 = Release|Any CPU
		{C3019D11-0E45-4AAD-B187-6F69CACFE0E8}.AppStore|iPhone.Deploy.0 = Release|Any CPU
		{C3019D11-0E45-4AAD-B187-6F69CACFE0E8}.AppStore|iPhoneSimulator.ActiveCfg = Release|Any CPU
		{C3019D11-0E45-4AAD-B187-6F69CACFE0E8}.AppStore|iPhoneSimulator.Build.0 = Release|Any CPU
		{C3019D11-0E45-4AAD-B187-6F69CACFE0E8}.AppStore|iPhoneSimulator.Deploy.0 = Release|Any CPU
		{C3019D11-0E45-4AAD-B187-6F69CACFE0E8}.AppStore|x64.ActiveCfg = Release|Any CPU
		{C3019D11-0E45-4AAD-B187-6F69CACFE0E8}.AppStore|x64.Build.0 = Release|Any CPU
		{C3019D11-0E45-4AAD-B187-6F69CACFE0E8}.AppStore|x64.Deploy.0 = Release|Any CPU
		{C3019D11-0E45-4AAD-B187-6F69CACFE0E8}.AppStore|x86.ActiveCfg = Release|Any CPU
		{C3019D11-0E45-4AAD-B187-6F69CACFE0E8}.AppStore|x86.Build.0 = Release|Any CPU
		{C3019D11-0E45-4AAD-B187-6F69CACFE0E8}.AppStore|x86.Deploy.0 = Release|Any CPU
		{C3019D11-0E45-4AAD-B187-6F69CACFE0E8}.Debug|Any CPU.ActiveCfg = Debug|Any CPU
		{C3019D11-0E45-4AAD-B187-6F69CACFE0E8}.Debug|Any CPU.Build.0 = Debug|Any CPU
		{C3019D11-0E45-4AAD-B187-6F69CACFE0E8}.Debug|Any CPU.Deploy.0 = Debug|Any CPU
		{C3019D11-0E45-4AAD-B187-6F69CACFE0E8}.Debug|ARM.ActiveCfg = Debug|Any CPU
		{C3019D11-0E45-4AAD-B187-6F69CACFE0E8}.Debug|ARM.Build.0 = Debug|Any CPU
		{C3019D11-0E45-4AAD-B187-6F69CACFE0E8}.Debug|ARM.Deploy.0 = Debug|Any CPU
		{C3019D11-0E45-4AAD-B187-6F69CACFE0E8}.Debug|iPhone.ActiveCfg = Debug|Any CPU
		{C3019D11-0E45-4AAD-B187-6F69CACFE0E8}.Debug|iPhone.Build.0 = Debug|Any CPU
		{C3019D11-0E45-4AAD-B187-6F69CACFE0E8}.Debug|iPhone.Deploy.0 = Debug|Any CPU
		{C3019D11-0E45-4AAD-B187-6F69CACFE0E8}.Debug|iPhoneSimulator.ActiveCfg = Debug|Any CPU
		{C3019D11-0E45-4AAD-B187-6F69CACFE0E8}.Debug|iPhoneSimulator.Build.0 = Debug|Any CPU
		{C3019D11-0E45-4AAD-B187-6F69CACFE0E8}.Debug|iPhoneSimulator.Deploy.0 = Debug|Any CPU
		{C3019D11-0E45-4AAD-B187-6F69CACFE0E8}.Debug|x64.ActiveCfg = Debug|Any CPU
		{C3019D11-0E45-4AAD-B187-6F69CACFE0E8}.Debug|x64.Build.0 = Debug|Any CPU
		{C3019D11-0E45-4AAD-B187-6F69CACFE0E8}.Debug|x64.Deploy.0 = Debug|Any CPU
		{C3019D11-0E45-4AAD-B187-6F69CACFE0E8}.Debug|x86.ActiveCfg = Debug|Any CPU
		{C3019D11-0E45-4AAD-B187-6F69CACFE0E8}.Debug|x86.Build.0 = Debug|Any CPU
		{C3019D11-0E45-4AAD-B187-6F69CACFE0E8}.Debug|x86.Deploy.0 = Debug|Any CPU
		{C3019D11-0E45-4AAD-B187-6F69CACFE0E8}.Release|Any CPU.ActiveCfg = Release|Any CPU
		{C3019D11-0E45-4AAD-B187-6F69CACFE0E8}.Release|Any CPU.Build.0 = Release|Any CPU
		{C3019D11-0E45-4AAD-B187-6F69CACFE0E8}.Release|Any CPU.Deploy.0 = Release|Any CPU
		{C3019D11-0E45-4AAD-B187-6F69CACFE0E8}.Release|ARM.ActiveCfg = Release|Any CPU
		{C3019D11-0E45-4AAD-B187-6F69CACFE0E8}.Release|ARM.Build.0 = Release|Any CPU
		{C3019D11-0E45-4AAD-B187-6F69CACFE0E8}.Release|ARM.Deploy.0 = Release|Any CPU
		{C3019D11-0E45-4AAD-B187-6F69CACFE0E8}.Release|iPhone.ActiveCfg = Release|Any CPU
		{C3019D11-0E45-4AAD-B187-6F69CACFE0E8}.Release|iPhone.Build.0 = Release|Any CPU
		{C3019D11-0E45-4AAD-B187-6F69CACFE0E8}.Release|iPhone.Deploy.0 = Release|Any CPU
		{C3019D11-0E45-4AAD-B187-6F69CACFE0E8}.Release|iPhoneSimulator.ActiveCfg = Release|Any CPU
		{C3019D11-0E45-4AAD-B187-6F69CACFE0E8}.Release|iPhoneSimulator.Build.0 = Release|Any CPU
		{C3019D11-0E45-4AAD-B187-6F69CACFE0E8}.Release|iPhoneSimulator.Deploy.0 = Release|Any CPU
		{C3019D11-0E45-4AAD-B187-6F69CACFE0E8}.Release|x64.ActiveCfg = Release|Any CPU
		{C3019D11-0E45-4AAD-B187-6F69CACFE0E8}.Release|x64.Build.0 = Release|Any CPU
		{C3019D11-0E45-4AAD-B187-6F69CACFE0E8}.Release|x64.Deploy.0 = Release|Any CPU
		{C3019D11-0E45-4AAD-B187-6F69CACFE0E8}.Release|x86.ActiveCfg = Release|Any CPU
		{C3019D11-0E45-4AAD-B187-6F69CACFE0E8}.Release|x86.Build.0 = Release|Any CPU
		{C3019D11-0E45-4AAD-B187-6F69CACFE0E8}.Release|x86.Deploy.0 = Release|Any CPU
		{FA446B80-2667-479D-B69D-D2CE225AA645}.Ad-Hoc|Any CPU.ActiveCfg = Ad-Hoc|iPhone
		{FA446B80-2667-479D-B69D-D2CE225AA645}.Ad-Hoc|ARM.ActiveCfg = Ad-Hoc|iPhone
		{FA446B80-2667-479D-B69D-D2CE225AA645}.Ad-Hoc|iPhone.ActiveCfg = Ad-Hoc|iPhone
		{FA446B80-2667-479D-B69D-D2CE225AA645}.Ad-Hoc|iPhone.Build.0 = Ad-Hoc|iPhone
		{FA446B80-2667-479D-B69D-D2CE225AA645}.Ad-Hoc|iPhoneSimulator.ActiveCfg = Ad-Hoc|iPhoneSimulator
		{FA446B80-2667-479D-B69D-D2CE225AA645}.Ad-Hoc|iPhoneSimulator.Build.0 = Ad-Hoc|iPhoneSimulator
		{FA446B80-2667-479D-B69D-D2CE225AA645}.Ad-Hoc|x64.ActiveCfg = Ad-Hoc|iPhone
		{FA446B80-2667-479D-B69D-D2CE225AA645}.Ad-Hoc|x86.ActiveCfg = Ad-Hoc|iPhone
		{FA446B80-2667-479D-B69D-D2CE225AA645}.AppStore|Any CPU.ActiveCfg = AppStore|iPhone
		{FA446B80-2667-479D-B69D-D2CE225AA645}.AppStore|ARM.ActiveCfg = AppStore|iPhone
		{FA446B80-2667-479D-B69D-D2CE225AA645}.AppStore|iPhone.ActiveCfg = AppStore|iPhone
		{FA446B80-2667-479D-B69D-D2CE225AA645}.AppStore|iPhone.Build.0 = AppStore|iPhone
		{FA446B80-2667-479D-B69D-D2CE225AA645}.AppStore|iPhoneSimulator.ActiveCfg = AppStore|iPhoneSimulator
		{FA446B80-2667-479D-B69D-D2CE225AA645}.AppStore|iPhoneSimulator.Build.0 = AppStore|iPhoneSimulator
		{FA446B80-2667-479D-B69D-D2CE225AA645}.AppStore|x64.ActiveCfg = AppStore|iPhone
		{FA446B80-2667-479D-B69D-D2CE225AA645}.AppStore|x86.ActiveCfg = AppStore|iPhone
		{FA446B80-2667-479D-B69D-D2CE225AA645}.Debug|Any CPU.ActiveCfg = Debug|iPhone
		{FA446B80-2667-479D-B69D-D2CE225AA645}.Debug|ARM.ActiveCfg = Debug|iPhone
		{FA446B80-2667-479D-B69D-D2CE225AA645}.Debug|iPhone.ActiveCfg = Debug|iPhone
		{FA446B80-2667-479D-B69D-D2CE225AA645}.Debug|iPhone.Build.0 = Debug|iPhone
		{FA446B80-2667-479D-B69D-D2CE225AA645}.Debug|iPhoneSimulator.ActiveCfg = Debug|iPhoneSimulator
		{FA446B80-2667-479D-B69D-D2CE225AA645}.Debug|iPhoneSimulator.Build.0 = Debug|iPhoneSimulator
		{FA446B80-2667-479D-B69D-D2CE225AA645}.Debug|x64.ActiveCfg = Debug|iPhone
		{FA446B80-2667-479D-B69D-D2CE225AA645}.Debug|x86.ActiveCfg = Debug|iPhone
		{FA446B80-2667-479D-B69D-D2CE225AA645}.Release|Any CPU.ActiveCfg = Release|iPhone
		{FA446B80-2667-479D-B69D-D2CE225AA645}.Release|ARM.ActiveCfg = Release|iPhone
		{FA446B80-2667-479D-B69D-D2CE225AA645}.Release|iPhone.ActiveCfg = Release|iPhone
		{FA446B80-2667-479D-B69D-D2CE225AA645}.Release|iPhone.Build.0 = Release|iPhone
		{FA446B80-2667-479D-B69D-D2CE225AA645}.Release|iPhoneSimulator.ActiveCfg = Release|iPhoneSimulator
		{FA446B80-2667-479D-B69D-D2CE225AA645}.Release|iPhoneSimulator.Build.0 = Release|iPhoneSimulator
		{FA446B80-2667-479D-B69D-D2CE225AA645}.Release|x64.ActiveCfg = Release|iPhone
		{FA446B80-2667-479D-B69D-D2CE225AA645}.Release|x86.ActiveCfg = Release|iPhone
		{5999CE9C-CFE6-4157-B05E-54B7B60FF9E0}.Ad-Hoc|Any CPU.ActiveCfg = Release|x64
		{5999CE9C-CFE6-4157-B05E-54B7B60FF9E0}.Ad-Hoc|Any CPU.Build.0 = Release|x64
		{5999CE9C-CFE6-4157-B05E-54B7B60FF9E0}.Ad-Hoc|Any CPU.Deploy.0 = Release|x64
		{5999CE9C-CFE6-4157-B05E-54B7B60FF9E0}.Ad-Hoc|ARM.ActiveCfg = Release|ARM
		{5999CE9C-CFE6-4157-B05E-54B7B60FF9E0}.Ad-Hoc|ARM.Build.0 = Release|ARM
		{5999CE9C-CFE6-4157-B05E-54B7B60FF9E0}.Ad-Hoc|ARM.Deploy.0 = Release|ARM
		{5999CE9C-CFE6-4157-B05E-54B7B60FF9E0}.Ad-Hoc|iPhone.ActiveCfg = Release|x64
		{5999CE9C-CFE6-4157-B05E-54B7B60FF9E0}.Ad-Hoc|iPhone.Build.0 = Release|x64
		{5999CE9C-CFE6-4157-B05E-54B7B60FF9E0}.Ad-Hoc|iPhone.Deploy.0 = Release|x64
		{5999CE9C-CFE6-4157-B05E-54B7B60FF9E0}.Ad-Hoc|iPhoneSimulator.ActiveCfg = Release|x64
		{5999CE9C-CFE6-4157-B05E-54B7B60FF9E0}.Ad-Hoc|iPhoneSimulator.Build.0 = Release|x64
		{5999CE9C-CFE6-4157-B05E-54B7B60FF9E0}.Ad-Hoc|iPhoneSimulator.Deploy.0 = Release|x64
		{5999CE9C-CFE6-4157-B05E-54B7B60FF9E0}.Ad-Hoc|x64.ActiveCfg = Release|x64
		{5999CE9C-CFE6-4157-B05E-54B7B60FF9E0}.Ad-Hoc|x64.Build.0 = Release|x64
		{5999CE9C-CFE6-4157-B05E-54B7B60FF9E0}.Ad-Hoc|x64.Deploy.0 = Release|x64
		{5999CE9C-CFE6-4157-B05E-54B7B60FF9E0}.Ad-Hoc|x86.ActiveCfg = Release|x86
		{5999CE9C-CFE6-4157-B05E-54B7B60FF9E0}.Ad-Hoc|x86.Build.0 = Release|x86
		{5999CE9C-CFE6-4157-B05E-54B7B60FF9E0}.Ad-Hoc|x86.Deploy.0 = Release|x86
		{5999CE9C-CFE6-4157-B05E-54B7B60FF9E0}.AppStore|Any CPU.ActiveCfg = Release|x64
		{5999CE9C-CFE6-4157-B05E-54B7B60FF9E0}.AppStore|Any CPU.Build.0 = Release|x64
		{5999CE9C-CFE6-4157-B05E-54B7B60FF9E0}.AppStore|Any CPU.Deploy.0 = Release|x64
		{5999CE9C-CFE6-4157-B05E-54B7B60FF9E0}.AppStore|ARM.ActiveCfg = Release|ARM
		{5999CE9C-CFE6-4157-B05E-54B7B60FF9E0}.AppStore|ARM.Build.0 = Release|ARM
		{5999CE9C-CFE6-4157-B05E-54B7B60FF9E0}.AppStore|ARM.Deploy.0 = Release|ARM
		{5999CE9C-CFE6-4157-B05E-54B7B60FF9E0}.AppStore|iPhone.ActiveCfg = Release|x64
		{5999CE9C-CFE6-4157-B05E-54B7B60FF9E0}.AppStore|iPhone.Build.0 = Release|x64
		{5999CE9C-CFE6-4157-B05E-54B7B60FF9E0}.AppStore|iPhone.Deploy.0 = Release|x64
		{5999CE9C-CFE6-4157-B05E-54B7B60FF9E0}.AppStore|iPhoneSimulator.ActiveCfg = Release|x64
		{5999CE9C-CFE6-4157-B05E-54B7B60FF9E0}.AppStore|iPhoneSimulator.Build.0 = Release|x64
		{5999CE9C-CFE6-4157-B05E-54B7B60FF9E0}.AppStore|iPhoneSimulator.Deploy.0 = Release|x64
		{5999CE9C-CFE6-4157-B05E-54B7B60FF9E0}.AppStore|x64.ActiveCfg = Release|x64
		{5999CE9C-CFE6-4157-B05E-54B7B60FF9E0}.AppStore|x64.Build.0 = Release|x64
		{5999CE9C-CFE6-4157-B05E-54B7B60FF9E0}.AppStore|x64.Deploy.0 = Release|x64
		{5999CE9C-CFE6-4157-B05E-54B7B60FF9E0}.AppStore|x86.ActiveCfg = Release|x86
		{5999CE9C-CFE6-4157-B05E-54B7B60FF9E0}.AppStore|x86.Build.0 = Release|x86
		{5999CE9C-CFE6-4157-B05E-54B7B60FF9E0}.AppStore|x86.Deploy.0 = Release|x86
		{5999CE9C-CFE6-4157-B05E-54B7B60FF9E0}.Debug|Any CPU.ActiveCfg = Debug|x86
		{5999CE9C-CFE6-4157-B05E-54B7B60FF9E0}.Debug|ARM.ActiveCfg = Debug|ARM
		{5999CE9C-CFE6-4157-B05E-54B7B60FF9E0}.Debug|ARM.Build.0 = Debug|ARM
		{5999CE9C-CFE6-4157-B05E-54B7B60FF9E0}.Debug|ARM.Deploy.0 = Debug|ARM
		{5999CE9C-CFE6-4157-B05E-54B7B60FF9E0}.Debug|iPhone.ActiveCfg = Debug|x86
		{5999CE9C-CFE6-4157-B05E-54B7B60FF9E0}.Debug|iPhoneSimulator.ActiveCfg = Debug|x86
		{5999CE9C-CFE6-4157-B05E-54B7B60FF9E0}.Debug|x64.ActiveCfg = Debug|x64
		{5999CE9C-CFE6-4157-B05E-54B7B60FF9E0}.Debug|x64.Build.0 = Debug|x64
		{5999CE9C-CFE6-4157-B05E-54B7B60FF9E0}.Debug|x64.Deploy.0 = Debug|x64
		{5999CE9C-CFE6-4157-B05E-54B7B60FF9E0}.Debug|x86.ActiveCfg = Debug|x86
		{5999CE9C-CFE6-4157-B05E-54B7B60FF9E0}.Debug|x86.Build.0 = Debug|x86
		{5999CE9C-CFE6-4157-B05E-54B7B60FF9E0}.Debug|x86.Deploy.0 = Debug|x86
		{5999CE9C-CFE6-4157-B05E-54B7B60FF9E0}.Release|Any CPU.ActiveCfg = Release|x86
		{5999CE9C-CFE6-4157-B05E-54B7B60FF9E0}.Release|ARM.ActiveCfg = Release|ARM
		{5999CE9C-CFE6-4157-B05E-54B7B60FF9E0}.Release|ARM.Build.0 = Release|ARM
		{5999CE9C-CFE6-4157-B05E-54B7B60FF9E0}.Release|ARM.Deploy.0 = Release|ARM
		{5999CE9C-CFE6-4157-B05E-54B7B60FF9E0}.Release|iPhone.ActiveCfg = Release|x86
		{5999CE9C-CFE6-4157-B05E-54B7B60FF9E0}.Release|iPhoneSimulator.ActiveCfg = Release|x86
		{5999CE9C-CFE6-4157-B05E-54B7B60FF9E0}.Release|x64.ActiveCfg = Release|x64
		{5999CE9C-CFE6-4157-B05E-54B7B60FF9E0}.Release|x64.Build.0 = Release|x64
		{5999CE9C-CFE6-4157-B05E-54B7B60FF9E0}.Release|x64.Deploy.0 = Release|x64
		{5999CE9C-CFE6-4157-B05E-54B7B60FF9E0}.Release|x86.ActiveCfg = Release|x86
		{5999CE9C-CFE6-4157-B05E-54B7B60FF9E0}.Release|x86.Build.0 = Release|x86
		{5999CE9C-CFE6-4157-B05E-54B7B60FF9E0}.Release|x86.Deploy.0 = Release|x86
		{85906331-E385-4A85-B686-658425CD497F}.Ad-Hoc|Any CPU.ActiveCfg = Debug|Any CPU
		{85906331-E385-4A85-B686-658425CD497F}.Ad-Hoc|Any CPU.Build.0 = Debug|Any CPU
		{85906331-E385-4A85-B686-658425CD497F}.Ad-Hoc|ARM.ActiveCfg = Debug|Any CPU
		{85906331-E385-4A85-B686-658425CD497F}.Ad-Hoc|ARM.Build.0 = Debug|Any CPU
		{85906331-E385-4A85-B686-658425CD497F}.Ad-Hoc|iPhone.ActiveCfg = Debug|Any CPU
		{85906331-E385-4A85-B686-658425CD497F}.Ad-Hoc|iPhone.Build.0 = Debug|Any CPU
		{85906331-E385-4A85-B686-658425CD497F}.Ad-Hoc|iPhoneSimulator.ActiveCfg = Debug|Any CPU
		{85906331-E385-4A85-B686-658425CD497F}.Ad-Hoc|iPhoneSimulator.Build.0 = Debug|Any CPU
		{85906331-E385-4A85-B686-658425CD497F}.Ad-Hoc|x64.ActiveCfg = Debug|Any CPU
		{85906331-E385-4A85-B686-658425CD497F}.Ad-Hoc|x64.Build.0 = Debug|Any CPU
		{85906331-E385-4A85-B686-658425CD497F}.Ad-Hoc|x86.ActiveCfg = Debug|Any CPU
		{85906331-E385-4A85-B686-658425CD497F}.Ad-Hoc|x86.Build.0 = Debug|Any CPU
		{85906331-E385-4A85-B686-658425CD497F}.AppStore|Any CPU.ActiveCfg = Debug|Any CPU
		{85906331-E385-4A85-B686-658425CD497F}.AppStore|Any CPU.Build.0 = Debug|Any CPU
		{85906331-E385-4A85-B686-658425CD497F}.AppStore|ARM.ActiveCfg = Debug|Any CPU
		{85906331-E385-4A85-B686-658425CD497F}.AppStore|ARM.Build.0 = Debug|Any CPU
		{85906331-E385-4A85-B686-658425CD497F}.AppStore|iPhone.ActiveCfg = Debug|Any CPU
		{85906331-E385-4A85-B686-658425CD497F}.AppStore|iPhone.Build.0 = Debug|Any CPU
		{85906331-E385-4A85-B686-658425CD497F}.AppStore|iPhoneSimulator.ActiveCfg = Debug|Any CPU
		{85906331-E385-4A85-B686-658425CD497F}.AppStore|iPhoneSimulator.Build.0 = Debug|Any CPU
		{85906331-E385-4A85-B686-658425CD497F}.AppStore|x64.ActiveCfg = Debug|Any CPU
		{85906331-E385-4A85-B686-658425CD497F}.AppStore|x64.Build.0 = Debug|Any CPU
		{85906331-E385-4A85-B686-658425CD497F}.AppStore|x86.ActiveCfg = Debug|Any CPU
		{85906331-E385-4A85-B686-658425CD497F}.AppStore|x86.Build.0 = Debug|Any CPU
		{85906331-E385-4A85-B686-658425CD497F}.Debug|Any CPU.ActiveCfg = Debug|Any CPU
		{85906331-E385-4A85-B686-658425CD497F}.Debug|Any CPU.Build.0 = Debug|Any CPU
		{85906331-E385-4A85-B686-658425CD497F}.Debug|ARM.ActiveCfg = Debug|Any CPU
		{85906331-E385-4A85-B686-658425CD497F}.Debug|ARM.Build.0 = Debug|Any CPU
		{85906331-E385-4A85-B686-658425CD497F}.Debug|iPhone.ActiveCfg = Debug|Any CPU
		{85906331-E385-4A85-B686-658425CD497F}.Debug|iPhone.Build.0 = Debug|Any CPU
		{85906331-E385-4A85-B686-658425CD497F}.Debug|iPhoneSimulator.ActiveCfg = Debug|Any CPU
		{85906331-E385-4A85-B686-658425CD497F}.Debug|iPhoneSimulator.Build.0 = Debug|Any CPU
		{85906331-E385-4A85-B686-658425CD497F}.Debug|x64.ActiveCfg = Debug|Any CPU
		{85906331-E385-4A85-B686-658425CD497F}.Debug|x64.Build.0 = Debug|Any CPU
		{85906331-E385-4A85-B686-658425CD497F}.Debug|x86.ActiveCfg = Debug|Any CPU
		{85906331-E385-4A85-B686-658425CD497F}.Debug|x86.Build.0 = Debug|Any CPU
		{85906331-E385-4A85-B686-658425CD497F}.Release|Any CPU.ActiveCfg = Release|Any CPU
		{85906331-E385-4A85-B686-658425CD497F}.Release|Any CPU.Build.0 = Release|Any CPU
		{85906331-E385-4A85-B686-658425CD497F}.Release|ARM.ActiveCfg = Release|Any CPU
		{85906331-E385-4A85-B686-658425CD497F}.Release|ARM.Build.0 = Release|Any CPU
		{85906331-E385-4A85-B686-658425CD497F}.Release|iPhone.ActiveCfg = Release|Any CPU
		{85906331-E385-4A85-B686-658425CD497F}.Release|iPhone.Build.0 = Release|Any CPU
		{85906331-E385-4A85-B686-658425CD497F}.Release|iPhoneSimulator.ActiveCfg = Release|Any CPU
		{85906331-E385-4A85-B686-658425CD497F}.Release|iPhoneSimulator.Build.0 = Release|Any CPU
		{85906331-E385-4A85-B686-658425CD497F}.Release|x64.ActiveCfg = Release|Any CPU
		{85906331-E385-4A85-B686-658425CD497F}.Release|x64.Build.0 = Release|Any CPU
		{85906331-E385-4A85-B686-658425CD497F}.Release|x86.ActiveCfg = Release|Any CPU
		{85906331-E385-4A85-B686-658425CD497F}.Release|x86.Build.0 = Release|Any CPU
	EndGlobalSection
	GlobalSection(SolutionProperties) = preSolution
		HideSolutionNode = FALSE
	EndGlobalSection
	GlobalSection(ExtensibilityGlobals) = postSolution
		SolutionGuid = {F3FC0C14-34F1-4B34-8479-24590E215967}
	EndGlobalSection
EndGlobal
